github.com/lanrat/go-socks5 v1.0.0 h1:+BTiuvQF9BDMB3PJJ2ZXg/AsHSM+qGADf98aezjvoUc=
github.com/lanrat/go-socks5 v1.0.0/go.mod h1:EOAqUXY0ToNGWAW4/lZ/jwlrCISCW3tSIZ7kcO579KI=
golang.org/x/sync v0.16.0 h1:ycBJEhp9p4vXvUZNszeOq0kGTPghopOL8q0fq3vstxw=
golang.org/x/sync v0.16.0/go.mod h1:1dzgHSNfp02xaA81J2MS99Qcpr2w7fw1gpm99rleRqA=
